
Microsoft Visual Studio Solution File, Format Version 12.00
# Visual Studio Version 17
VisualStudioVersion = 17.3.32929.385
MinimumVisualStudioVersion = 10.0.40219.1
Project("{FAE04EC0-301F-11D3-BF4B-00C04F79EFBC}") = "StringKata", "StringKata\StringKata.csproj", "{0F24858F-3331-4C69-BFAC-B5D1B4791622}"
EndProject
Global
	GlobalSection(SolutionConfigurationPlatforms) = preSolution
		Debug|Any CPU = Debug|Any CPU
		Release|Any CPU = Release|Any CPU
	EndGlobalSection
	GlobalSection(ProjectConfigurationPlatforms) = postSolution
		{0F24858F-3331-4C69-BFAC-B5D1B4791622}.Debug|Any CPU.ActiveCfg = Debug|Any CPU
		{0F24858F-3331-4C69-BFAC-B5D1B4791622}.Debug|Any CPU.Build.0 = Debug|Any CPU
		{0F24858F-3331-4C69-BFAC-B5D1B4791622}.Release|Any CPU.ActiveCfg = Release|Any CPU
		{0F24858F-3331-4C69-BFAC-B5D1B4791622}.Release|Any CPU.Build.0 = Release|Any CPU
	EndGlobalSection
	GlobalSection(SolutionProperties) = preSolution
		HideSolutionNode = FALSE
	EndGlobalSection
	GlobalSection(ExtensibilityGlobals) = postSolution
		SolutionGuid = {943BA419-68EA-4DBD-97E9-EBECF4D65916}
	EndGlobalSection
EndGlobal
